
Microsoft Visual Studio Solution File, Format Version 12.00
# Visual Studio Version 16
VisualStudioVersion = 16.0.30717.126
MinimumVisualStudioVersion = 10.0.40219.1
Project("{FAE04EC0-301F-11D3-BF4B-00C04F79EFBC}") = "aoc2", "aoc2\aoc2.csproj", "{9AC142B9-E602-4E3C-A4A7-55601E997BC7}"
EndProject
Global
	GlobalSection(SolutionConfigurationPlatforms) = preSolution
		Debug|Any CPU = Debug|Any CPU
		Release|Any CPU = Release|Any CPU
	EndGlobalSection
	GlobalSection(ProjectConfigurationPlatforms) = postSolution
		{9AC142B9-E602-4E3C-A4A7-55601E997BC7}.Debug|Any CPU.ActiveCfg = Debug|Any CPU
		{9AC142B9-E602-4E3C-A4A7-55601E997BC7}.Debug|Any CPU.Build.0 = Debug|Any CPU
		{9AC142B9-E602-4E3C-A4A7-55601E997BC7}.Release|Any CPU.ActiveCfg = Release|Any CPU
		{9AC142B9-E602-4E3C-A4A7-55601E997BC7}.Release|Any CPU.Build.0 = Release|Any CPU
	EndGlobalSection
	GlobalSection(SolutionProperties) = preSolution
		HideSolutionNode = FALSE
	EndGlobalSection
	GlobalSection(ExtensibilityGlobals) = postSolution
		SolutionGuid = {64D15901-B2B1-48B0-8099-8A9E18EF7E90}
	EndGlobalSection
EndGlobal
